<?xml version="1.0" encoding="utf-8"?>
<Project ToolsVersion="4.0" xmlns="http://schemas.microsoft.com/developer/msbuild/2003">
  <ItemGroup>
    <Filter Include="Header Files">
      <UniqueIdentifier>{5556ab50-92f5-4659-b87e-70add4470c50}</UniqueIdentifier>
    </Filter>
    <Filter Include="Source Files">
      <UniqueIdentifier>{d9b6b274-fe60-4a4a-907f-38f65b653e1d}</UniqueIdentifier>
    </Filter>
  </ItemGroup>
  <ItemGroup>
    <CudaCompile Include="..\test.cu">
      <Filter>Source Files</Filter>
    </CudaCompile>
    <CudaCompile Include="..\..\..\src\conv\conv_util.cu">
      <Filter>Source Files</Filter>
    </CudaCompile>
    <CudaCompile Include="..\..\..\src\conv\filter_acts.cu">
      <Filter>Source Files</Filter>
    </CudaCompile>
    <CudaCompile Include="..\..\..\src\conv\img_acts.cu">
      <Filter>Source Files</Filter>
    </CudaCompile>
    <CudaCompile Include="..\..\..\src\conv\weight_acts.cu">
      <Filter>Source Files</Filter>
    </CudaCompile>
    <CudaCompile Include="..\..\..\src\convnet\util.cu">
      <Filter>Source Files</Filter>
    </CudaCompile>
    <CudaCompile Include="..\..\..\src\nvmatrix\nvmatrix.cu">
      <Filter>Source Files</Filter>
    </CudaCompile>
    <CudaCompile Include="..\..\..\src\nvmatrix\nvmatrix_kernels.cu">
      <Filter>Source Files</Filter>
    </CudaCompile>
    <CudaCompile Include="..\..\..\..\PluginsSrc\src\extrautils.cu">
      <Filter>Source Files</Filter>
    </CudaCompile>
  </ItemGroup>
  <ItemGroup>
    <ClCompile Include="..\..\..\src\matrix\matrix.cpp">
      <Filter>Source Files</Filter>
    </ClCompile>
  </ItemGroup>
</Project>